
Microsoft Visual Studio Solution File, Format Version 12.00
# Visual Studio Version 16
VisualStudioVersion = 16.0.29709.97
MinimumVisualStudioVersion = 10.0.40219.1
Project("{FAE04EC0-301F-11D3-BF4B-00C04F79EFBC}") = "compilador", "compilador\compilador.csproj", "{78BEC403-0144-4350-AA42-1251B887D1CC}"
EndProject
Global
	GlobalSection(SolutionConfigurationPlatforms) = preSolution
		Debug|Any CPU = Debug|Any CPU
		Release|Any CPU = Release|Any CPU
	EndGlobalSection
	GlobalSection(ProjectConfigurationPlatforms) = postSolution
		{78BEC403-0144-4350-AA42-1251B887D1CC}.Debug|Any CPU.ActiveCfg = Debug|Any CPU
		{78BEC403-0144-4350-AA42-1251B887D1CC}.Debug|Any CPU.Build.0 = Debug|Any CPU
		{78BEC403-0144-4350-AA42-1251B887D1CC}.Release|Any CPU.ActiveCfg = Release|Any CPU
		{78BEC403-0144-4350-AA42-1251B887D1CC}.Release|Any CPU.Build.0 = Release|Any CPU
	EndGlobalSection
	GlobalSection(SolutionProperties) = preSolution
		HideSolutionNode = FALSE
	EndGlobalSection
	GlobalSection(ExtensibilityGlobals) = postSolution
		SolutionGuid = {358ED09A-EA8A-47FE-B1A4-041DF6B60504}
	EndGlobalSection
EndGlobal
